
Microsoft Visual Studio Solution File, Format Version 12.00
# Visual Studio 15
VisualStudioVersion = 15.0.28010.2050
MinimumVisualStudioVersion = 10.0.40219.1
Project("{FAE04EC0-301F-11D3-BF4B-00C04F79EFBC}") = "CssVariables", "CssVariables\CssVariables.csproj", "{F40C3806-8753-4062-8ED2-EBD3058F3E9F}"
EndProject
Global
	GlobalSection(SolutionConfigurationPlatforms) = preSolution
		Debug|Any CPU = Debug|Any CPU
		Release|Any CPU = Release|Any CPU
	EndGlobalSection
	GlobalSection(ProjectConfigurationPlatforms) = postSolution
		{F40C3806-8753-4062-8ED2-EBD3058F3E9F}.Debug|Any CPU.ActiveCfg = Debug|Any CPU
		{F40C3806-8753-4062-8ED2-EBD3058F3E9F}.Debug|Any CPU.Build.0 = Debug|Any CPU
		{F40C3806-8753-4062-8ED2-EBD3058F3E9F}.Release|Any CPU.ActiveCfg = Release|Any CPU
		{F40C3806-8753-4062-8ED2-EBD3058F3E9F}.Release|Any CPU.Build.0 = Release|Any CPU
	EndGlobalSection
	GlobalSection(SolutionProperties) = preSolution
		HideSolutionNode = FALSE
	EndGlobalSection
	GlobalSection(ExtensibilityGlobals) = postSolution
		SolutionGuid = {4CDE9C73-78D7-4A14-A981-81C1BD7C732A}
	EndGlobalSection
EndGlobal
